
#
# CprE 381 Generated Quartus Settings File
#

set_global_assignment -name FAMILY "Cyclone IV E"
set_global_assignment -name DEVICE EP4CE115F29C7
set_global_assignment -name ORIGINAL_QUARTUS_VERSION 21.1.1
set_global_assignment -name PROJECT_CREATION_TIME_DATE "19:07:08  JANUARY 28, 2019"
set_global_assignment -name LAST_QUARTUS_VERSION "21.1.1 Standard Edition"
set_global_assignment -name PROJECT_OUTPUT_DIRECTORY output_files
set_global_assignment -name PARTITION_NETLIST_TYPE SOURCE -section_id Top
set_global_assignment -name PARTITION_FITTER_PRESERVATION_LEVEL PLACEMENT_AND_ROUTING -section_id Top
set_global_assignment -name PARTITION_COLOR 16764057 -section_id Top
set_global_assignment -name TOP_LEVEL_ENTITY RISCV_Processor
set_global_assignment -name VHDL_INPUT_VERSION VHDL_2008
set_global_assignment -name VHDL_FILE "/home/gmankow/cpre381/CPRE3810/SingleCycle/cpre3810-toolflow/proj/src/RISCV_types.vhd"
set_global_assignment -name VHDL_FILE "/home/gmankow/cpre381/CPRE3810/SingleCycle/cpre3810-toolflow/proj/src/TopLevel/ALU.vhd"
set_global_assignment -name VHDL_FILE "/home/gmankow/cpre381/CPRE3810/SingleCycle/cpre3810-toolflow/proj/src/TopLevel/Barrel_Shifter.vhd"
set_global_assignment -name VHDL_FILE "/home/gmankow/cpre381/CPRE3810/SingleCycle/cpre3810-toolflow/proj/src/TopLevel/Fetch.vhd"
set_global_assignment -name VHDL_FILE "/home/gmankow/cpre381/CPRE3810/SingleCycle/cpre3810-toolflow/proj/src/TopLevel/RISCV_Processor.vhd"
set_global_assignment -name VHDL_FILE "/home/gmankow/cpre381/CPRE3810/SingleCycle/cpre3810-toolflow/proj/src/TopLevel/addSub_32bit.vhd"
set_global_assignment -name VHDL_FILE "/home/gmankow/cpre381/CPRE3810/SingleCycle/cpre3810-toolflow/proj/src/TopLevel/andg2.vhd"
set_global_assignment -name VHDL_FILE "/home/gmankow/cpre381/CPRE3810/SingleCycle/cpre3810-toolflow/proj/src/TopLevel/cla_4bit.vhd"
set_global_assignment -name VHDL_FILE "/home/gmankow/cpre381/CPRE3810/SingleCycle/cpre3810-toolflow/proj/src/TopLevel/controlSignals.vhd"
set_global_assignment -name VHDL_FILE "/home/gmankow/cpre381/CPRE3810/SingleCycle/cpre3810-toolflow/proj/src/TopLevel/dMem_Out_Mux.vhd"
set_global_assignment -name VHDL_FILE "/home/gmankow/cpre381/CPRE3810/SingleCycle/cpre3810-toolflow/proj/src/TopLevel/decoder_5t32.vhd"
set_global_assignment -name VHDL_FILE "/home/gmankow/cpre381/CPRE3810/SingleCycle/cpre3810-toolflow/proj/src/TopLevel/dffg.vhd"
set_global_assignment -name VHDL_FILE "/home/gmankow/cpre381/CPRE3810/SingleCycle/cpre3810-toolflow/proj/src/TopLevel/immediateGenerate.vhd"
set_global_assignment -name VHDL_FILE "/home/gmankow/cpre381/CPRE3810/SingleCycle/cpre3810-toolflow/proj/src/TopLevel/invg.vhd"
set_global_assignment -name VHDL_FILE "/home/gmankow/cpre381/CPRE3810/SingleCycle/cpre3810-toolflow/proj/src/TopLevel/mem.vhd"
set_global_assignment -name VHDL_FILE "/home/gmankow/cpre381/CPRE3810/SingleCycle/cpre3810-toolflow/proj/src/TopLevel/mux2t1.vhd"
set_global_assignment -name VHDL_FILE "/home/gmankow/cpre381/CPRE3810/SingleCycle/cpre3810-toolflow/proj/src/TopLevel/mux2t1_N.vhd"
set_global_assignment -name VHDL_FILE "/home/gmankow/cpre381/CPRE3810/SingleCycle/cpre3810-toolflow/proj/src/TopLevel/mux3t1_N.vhd"
set_global_assignment -name VHDL_FILE "/home/gmankow/cpre381/CPRE3810/SingleCycle/cpre3810-toolflow/proj/src/TopLevel/mux_32t1.vhd"
set_global_assignment -name VHDL_FILE "/home/gmankow/cpre381/CPRE3810/SingleCycle/cpre3810-toolflow/proj/src/TopLevel/org2.vhd"
set_global_assignment -name VHDL_FILE "/home/gmankow/cpre381/CPRE3810/SingleCycle/cpre3810-toolflow/proj/src/TopLevel/register_N.vhd"
set_global_assignment -name VHDL_FILE "/home/gmankow/cpre381/CPRE3810/SingleCycle/cpre3810-toolflow/proj/src/TopLevel/register_file.vhd"
set_global_assignment -name VHDL_FILE "/home/gmankow/cpre381/CPRE3810/SingleCycle/cpre3810-toolflow/proj/src/TopLevel/xorg2.vhd"
